
Microsoft Visual Studio Solution File, Format Version 12.00
# Visual Studio 15
VisualStudioVersion = 15.0.28307.168
MinimumVisualStudioVersion = 10.0.40219.1
Project("{FAE04EC0-301F-11D3-BF4B-00C04F79EFBC}") = "projetTechniqueBack", "projetTechniqueBack\projetTechniqueBack.csproj", "{0AA4FE9F-AFD6-4717-9066-FBDA0AFE0A14}"
EndProject
Global
	GlobalSection(SolutionConfigurationPlatforms) = preSolution
		Debug|Any CPU = Debug|Any CPU
		Release|Any CPU = Release|Any CPU
	EndGlobalSection
	GlobalSection(ProjectConfigurationPlatforms) = postSolution
		{0AA4FE9F-AFD6-4717-9066-FBDA0AFE0A14}.Debug|Any CPU.ActiveCfg = Debug|Any CPU
		{0AA4FE9F-AFD6-4717-9066-FBDA0AFE0A14}.Debug|Any CPU.Build.0 = Debug|Any CPU
		{0AA4FE9F-AFD6-4717-9066-FBDA0AFE0A14}.Release|Any CPU.ActiveCfg = Release|Any CPU
		{0AA4FE9F-AFD6-4717-9066-FBDA0AFE0A14}.Release|Any CPU.Build.0 = Release|Any CPU
	EndGlobalSection
	GlobalSection(SolutionProperties) = preSolution
		HideSolutionNode = FALSE
	EndGlobalSection
	GlobalSection(ExtensibilityGlobals) = postSolution
		SolutionGuid = {A53A05B0-8495-49CD-A0C1-1789540B5D18}
	EndGlobalSection
EndGlobal
